
Microsoft Visual Studio Solution File, Format Version 12.00
# Visual Studio Version 17
VisualStudioVersion = 17.4.33213.308
MinimumVisualStudioVersion = 10.0.40219.1
Project("{FAE04EC0-301F-11D3-BF4B-00C04F79EFBC}") = "MovieFinalProject", "MovieFinalProject\MovieFinalProject.csproj", "{4C5801C6-5BC2-4423-AB88-ECD18F2799CC}"
EndProject
Global
	GlobalSection(SolutionConfigurationPlatforms) = preSolution
		Debug|Any CPU = Debug|Any CPU
		Release|Any CPU = Release|Any CPU
	EndGlobalSection
	GlobalSection(ProjectConfigurationPlatforms) = postSolution
		{4C5801C6-5BC2-4423-AB88-ECD18F2799CC}.Debug|Any CPU.ActiveCfg = Debug|Any CPU
		{4C5801C6-5BC2-4423-AB88-ECD18F2799CC}.Debug|Any CPU.Build.0 = Debug|Any CPU
		{4C5801C6-5BC2-4423-AB88-ECD18F2799CC}.Release|Any CPU.ActiveCfg = Release|Any CPU
		{4C5801C6-5BC2-4423-AB88-ECD18F2799CC}.Release|Any CPU.Build.0 = Release|Any CPU
	EndGlobalSection
	GlobalSection(SolutionProperties) = preSolution
		HideSolutionNode = FALSE
	EndGlobalSection
	GlobalSection(ExtensibilityGlobals) = postSolution
		SolutionGuid = {23E7CE6C-86DC-444D-ACB5-676733BECE94}
	EndGlobalSection
EndGlobal
